
Microsoft Visual Studio Solution File, Format Version 12.00
# Visual Studio Version 17
VisualStudioVersion = 17.8.34309.116
MinimumVisualStudioVersion = 10.0.40219.1
Project("{8BC9CEB8-8B4A-11D0-8D11-00A0C91BC942}") = "Croissound", "Croissound.vcxproj", "{3397D3D0-467D-4DBA-94AD-B628FF488295}"
EndProject
Global
	GlobalSection(SolutionConfigurationPlatforms) = preSolution
		Debug|x64 = Debug|x64
		Debug|x86 = Debug|x86
		Release|x64 = Release|x64
		Release|x86 = Release|x86
	EndGlobalSection
	GlobalSection(ProjectConfigurationPlatforms) = postSolution
		{3397D3D0-467D-4DBA-94AD-B628FF488295}.Debug|x64.ActiveCfg = Debug|x64
		{3397D3D0-467D-4DBA-94AD-B628FF488295}.Debug|x64.Build.0 = Debug|x64
		{3397D3D0-467D-4DBA-94AD-B628FF488295}.Debug|x86.ActiveCfg = Debug|Win32
		{3397D3D0-467D-4DBA-94AD-B628FF488295}.Debug|x86.Build.0 = Debug|Win32
		{3397D3D0-467D-4DBA-94AD-B628FF488295}.Release|x64.ActiveCfg = Release|x64
		{3397D3D0-467D-4DBA-94AD-B628FF488295}.Release|x64.Build.0 = Release|x64
		{3397D3D0-467D-4DBA-94AD-B628FF488295}.Release|x86.ActiveCfg = Release|Win32
		{3397D3D0-467D-4DBA-94AD-B628FF488295}.Release|x86.Build.0 = Release|Win32
	EndGlobalSection
	GlobalSection(SolutionProperties) = preSolution
		HideSolutionNode = FALSE
	EndGlobalSection
	GlobalSection(ExtensibilityGlobals) = postSolution
		SolutionGuid = {34DE9A22-7414-4D2F-86B4-CB5F5B95E74E}
	EndGlobalSection
EndGlobal
